
Microsoft Visual Studio Solution File, Format Version 12.00
# Visual Studio 15
VisualStudioVersion = 15.0.28010.2046
MinimumVisualStudioVersion = 10.0.40219.1
Project("{FAE04EC0-301F-11D3-BF4B-00C04F79EFBC}") = "NRakeKeywordExtractor", "NRakeKeywordExtractor\NRakeKeywordExtractor.csproj", "{D4642C8A-9157-4EB5-8DDF-44CC7B2021CC}"
EndProject
Project("{FAE04EC0-301F-11D3-BF4B-00C04F79EFBC}") = "WindowsFormsApplication1", "WindowsFormsApplication1\WindowsFormsApplication1.csproj", "{AD97BD89-AF4A-45F9-855D-519605843A49}"
EndProject
Project("{FAE04EC0-301F-11D3-BF4B-00C04F79EFBC}") = "WindowsFormsApp1", "WindowsFormsApp1\WindowsFormsApp1.csproj", "{ECCEB816-15F2-41C6-85A3-BB0369DE7748}"
EndProject
Project("{FAE04EC0-301F-11D3-BF4B-00C04F79EFBC}") = "WindowsFormsControlLibrary1", "WindowsFormsControlLibrary1\WindowsFormsControlLibrary1.csproj", "{56D8316C-2A78-48D0-B733-3DB51176B4F9}"
EndProject
Project("{FAE04EC0-301F-11D3-BF4B-00C04F79EFBC}") = "NRakeCore", "NRakeCore\NRakeCore.csproj", "{1D4AF0C3-15F6-48BF-B12D-39C7802172D9}"
EndProject
Global
	GlobalSection(SolutionConfigurationPlatforms) = preSolution
		Debug|Any CPU = Debug|Any CPU
		Release|Any CPU = Release|Any CPU
	EndGlobalSection
	GlobalSection(ProjectConfigurationPlatforms) = postSolution
		{D4642C8A-9157-4EB5-8DDF-44CC7B2021CC}.Debug|Any CPU.ActiveCfg = Debug|Any CPU
		{D4642C8A-9157-4EB5-8DDF-44CC7B2021CC}.Debug|Any CPU.Build.0 = Debug|Any CPU
		{D4642C8A-9157-4EB5-8DDF-44CC7B2021CC}.Release|Any CPU.ActiveCfg = Release|Any CPU
		{D4642C8A-9157-4EB5-8DDF-44CC7B2021CC}.Release|Any CPU.Build.0 = Release|Any CPU
		{AD97BD89-AF4A-45F9-855D-519605843A49}.Debug|Any CPU.ActiveCfg = Debug|Any CPU
		{AD97BD89-AF4A-45F9-855D-519605843A49}.Debug|Any CPU.Build.0 = Debug|Any CPU
		{AD97BD89-AF4A-45F9-855D-519605843A49}.Release|Any CPU.ActiveCfg = Release|Any CPU
		{AD97BD89-AF4A-45F9-855D-519605843A49}.Release|Any CPU.Build.0 = Release|Any CPU
		{ECCEB816-15F2-41C6-85A3-BB0369DE7748}.Debug|Any CPU.ActiveCfg = Debug|Any CPU
		{ECCEB816-15F2-41C6-85A3-BB0369DE7748}.Debug|Any CPU.Build.0 = Debug|Any CPU
		{ECCEB816-15F2-41C6-85A3-BB0369DE7748}.Release|Any CPU.ActiveCfg = Release|Any CPU
		{ECCEB816-15F2-41C6-85A3-BB0369DE7748}.Release|Any CPU.Build.0 = Release|Any CPU
		{56D8316C-2A78-48D0-B733-3DB51176B4F9}.Debug|Any CPU.ActiveCfg = Debug|Any CPU
		{56D8316C-2A78-48D0-B733-3DB51176B4F9}.Debug|Any CPU.Build.0 = Debug|Any CPU
		{56D8316C-2A78-48D0-B733-3DB51176B4F9}.Release|Any CPU.ActiveCfg = Release|Any CPU
		{56D8316C-2A78-48D0-B733-3DB51176B4F9}.Release|Any CPU.Build.0 = Release|Any CPU
		{1D4AF0C3-15F6-48BF-B12D-39C7802172D9}.Debug|Any CPU.ActiveCfg = Debug|Any CPU
		{1D4AF0C3-15F6-48BF-B12D-39C7802172D9}.Debug|Any CPU.Build.0 = Debug|Any CPU
		{1D4AF0C3-15F6-48BF-B12D-39C7802172D9}.Release|Any CPU.ActiveCfg = Release|Any CPU
		{1D4AF0C3-15F6-48BF-B12D-39C7802172D9}.Release|Any CPU.Build.0 = Release|Any CPU
	EndGlobalSection
	GlobalSection(SolutionProperties) = preSolution
		HideSolutionNode = FALSE
	EndGlobalSection
	GlobalSection(ExtensibilityGlobals) = postSolution
		SolutionGuid = {F77A03D4-125D-4499-B399-4887EBB12C19}
	EndGlobalSection
EndGlobal
